
Microsoft Visual Studio Solution File, Format Version 12.00
# Visual Studio Version 16
VisualStudioVersion = 16.0.32802.440
MinimumVisualStudioVersion = 10.0.40219.1
Project("{FAE04EC0-301F-11D3-BF4B-00C04F79EFBC}") = "u20691302_HW06", "u20691302_HW06\u20691302_HW06.csproj", "{CDF6C18E-A0C0-4DA0-A261-0FA573C81EA4}"
EndProject
Global
	GlobalSection(SolutionConfigurationPlatforms) = preSolution
		Debug|Any CPU = Debug|Any CPU
		Release|Any CPU = Release|Any CPU
	EndGlobalSection
	GlobalSection(ProjectConfigurationPlatforms) = postSolution
		{CDF6C18E-A0C0-4DA0-A261-0FA573C81EA4}.Debug|Any CPU.ActiveCfg = Debug|Any CPU
		{CDF6C18E-A0C0-4DA0-A261-0FA573C81EA4}.Debug|Any CPU.Build.0 = Debug|Any CPU
		{CDF6C18E-A0C0-4DA0-A261-0FA573C81EA4}.Release|Any CPU.ActiveCfg = Release|Any CPU
		{CDF6C18E-A0C0-4DA0-A261-0FA573C81EA4}.Release|Any CPU.Build.0 = Release|Any CPU
	EndGlobalSection
	GlobalSection(SolutionProperties) = preSolution
		HideSolutionNode = FALSE
	EndGlobalSection
	GlobalSection(ExtensibilityGlobals) = postSolution
		SolutionGuid = {8D1A976B-CEA5-44EF-9687-157B0A4C7703}
	EndGlobalSection
EndGlobal
